
Microsoft Visual Studio Solution File, Format Version 12.00
# Visual Studio Version 17
VisualStudioVersion = 17.7.34024.191
MinimumVisualStudioVersion = 10.0.40219.1
Project("{9A19103F-16F7-4668-BE54-9A1E7A4F7556}") = "DVLangHelper.Runtime", "Runtime\DVLangHelper.Runtime.csproj", "{F48F81AE-C125-4E39-A261-49A6955304E0}"
EndProject
Project("{9A19103F-16F7-4668-BE54-9A1E7A4F7556}") = "DVLangHelper.Data", "Data\DVLangHelper.Data.csproj", "{29EDC5F3-4DB4-4623-8E7E-B8EA11CFF27D}"
EndProject
Global
	GlobalSection(SolutionConfigurationPlatforms) = preSolution
		Debug|Any CPU = Debug|Any CPU
		Release|Any CPU = Release|Any CPU
	EndGlobalSection
	GlobalSection(ProjectConfigurationPlatforms) = postSolution
		{F48F81AE-C125-4E39-A261-49A6955304E0}.Debug|Any CPU.ActiveCfg = Debug|Any CPU
		{F48F81AE-C125-4E39-A261-49A6955304E0}.Debug|Any CPU.Build.0 = Debug|Any CPU
		{F48F81AE-C125-4E39-A261-49A6955304E0}.Release|Any CPU.ActiveCfg = Release|Any CPU
		{F48F81AE-C125-4E39-A261-49A6955304E0}.Release|Any CPU.Build.0 = Release|Any CPU
		{29EDC5F3-4DB4-4623-8E7E-B8EA11CFF27D}.Debug|Any CPU.ActiveCfg = Debug|Any CPU
		{29EDC5F3-4DB4-4623-8E7E-B8EA11CFF27D}.Debug|Any CPU.Build.0 = Debug|Any CPU
		{29EDC5F3-4DB4-4623-8E7E-B8EA11CFF27D}.Release|Any CPU.ActiveCfg = Release|Any CPU
		{29EDC5F3-4DB4-4623-8E7E-B8EA11CFF27D}.Release|Any CPU.Build.0 = Release|Any CPU
	EndGlobalSection
	GlobalSection(SolutionProperties) = preSolution
		HideSolutionNode = FALSE
	EndGlobalSection
	GlobalSection(ExtensibilityGlobals) = postSolution
		SolutionGuid = {E5AB57FF-07C6-48FA-8DF7-467BF2E75F60}
	EndGlobalSection
EndGlobal
